
Microsoft Visual Studio Solution File, Format Version 12.00
# Visual Studio Version 16
VisualStudioVersion = 16.0.29215.179
MinimumVisualStudioVersion = 10.0.40219.1
Project("{2150E333-8FDC-42A3-9474-1A3956D46DE8}") = "task_00", "task_00", "{B93EC8DE-2191-4BCC-BC7F-DAF9CBD381A5}"
EndProject
Project("{FAE04EC0-301F-11D3-BF4B-00C04F79EFBC}") = "00_01", "00_01\00_01.csproj", "{67E2713B-FD6D-406F-8A61-A02DE70E442E}"
EndProject
Project("{FAE04EC0-301F-11D3-BF4B-00C04F79EFBC}") = "00_02", "00_02\00_02.csproj", "{9510932A-B72B-4393-9633-2C763131C2DC}"
EndProject
Project("{FAE04EC0-301F-11D3-BF4B-00C04F79EFBC}") = "00_03", "00_03\00_03.csproj", "{05B1C03C-451D-4F94-AA6F-82FB8E0A3A38}"
EndProject
Project("{FAE04EC0-301F-11D3-BF4B-00C04F79EFBC}") = "00_04", "00_04\00_04.csproj", "{65C4C55B-4996-40D6-A865-0D68F14BD718}"
EndProject
Project("{2150E333-8FDC-42A3-9474-1A3956D46DE8}") = "task_01", "task_01", "{B9D694C9-6878-403E-8015-D3891059E856}"
EndProject
Project("{FAE04EC0-301F-11D3-BF4B-00C04F79EFBC}") = "01_01", "01_01\01_01\01_01.csproj", "{5B540F38-98D6-4EF2-8452-3D6A40469218}"
EndProject
Project("{FAE04EC0-301F-11D3-BF4B-00C04F79EFBC}") = "01_02", "01_02\01_02\01_02.csproj", "{4B635F94-DAD2-443B-9F3E-5B394E6DCB74}"
EndProject
Project("{FAE04EC0-301F-11D3-BF4B-00C04F79EFBC}") = "01_03", "01_03\01_03\01_03.csproj", "{8D0D8E0D-B105-44C7-96CD-811DB2CF7E02}"
EndProject
Project("{FAE04EC0-301F-11D3-BF4B-00C04F79EFBC}") = "01_04", "01_04\01_04\01_04.csproj", "{3900BF26-AF49-4555-9B31-4B5CF0E5C934}"
EndProject
Project("{FAE04EC0-301F-11D3-BF4B-00C04F79EFBC}") = "01_05", "01_05\01_05\01_05.csproj", "{255D74BD-F191-41D8-AD8B-10E312A9A9C9}"
EndProject
Project("{FAE04EC0-301F-11D3-BF4B-00C04F79EFBC}") = "01_06", "01_06\01_06\01_06.csproj", "{59695277-C26C-4E7D-A128-7E913188EFB6}"
EndProject
Project("{FAE04EC0-301F-11D3-BF4B-00C04F79EFBC}") = "01_07", "01_07\01_07\01_07.csproj", "{5F44ED4F-0899-4D2F-A251-003195900AC5}"
EndProject
Project("{FAE04EC0-301F-11D3-BF4B-00C04F79EFBC}") = "01_08", "01_08\01_08\01_08.csproj", "{542B68DE-0CD3-4A57-A504-B5437FBB1E01}"
EndProject
Project("{FAE04EC0-301F-11D3-BF4B-00C04F79EFBC}") = "01_09", "01_09\01_09\01_09.csproj", "{7C50B8E5-906D-46C4-A1C9-9EC0639BE8E6}"
EndProject
Project("{FAE04EC0-301F-11D3-BF4B-00C04F79EFBC}") = "01_10", "01_10\01_10\01_10.csproj", "{120F5404-95BE-4E6F-A896-668B0AB92E58}"
EndProject
Project("{FAE04EC0-301F-11D3-BF4B-00C04F79EFBC}") = "01_11", "01_11\01_11\01_11.csproj", "{B4E19C74-0D7A-4143-A54F-AE1CD7293F1F}"
EndProject
Project("{FAE04EC0-301F-11D3-BF4B-00C04F79EFBC}") = "01_12", "01_12\01_12\01_12.csproj", "{3A09D4F3-5E7F-4AC3-A374-A988374981F1}"
EndProject
Project("{2150E333-8FDC-42A3-9474-1A3956D46DE8}") = "task_02", "task_02", "{11BCB3D3-A8F9-4152-ABBD-70F4FE736542}"
EndProject
Project("{FAE04EC0-301F-11D3-BF4B-00C04F79EFBC}") = "02_01", "02_01\02_01\02_01.csproj", "{CE9961A2-489F-417C-98FF-FCFA4E32F5A9}"
EndProject
Project("{FAE04EC0-301F-11D3-BF4B-00C04F79EFBC}") = "02_02", "02_02\02_02\02_02.csproj", "{05FF7054-1DE0-4856-921E-43B466B0D47D}"
EndProject
Project("{FAE04EC0-301F-11D3-BF4B-00C04F79EFBC}") = "02_03", "02_03\02_03\02_03.csproj", "{9A307FD6-DBE7-4974-9059-315F01E09F31}"
EndProject
Project("{FAE04EC0-301F-11D3-BF4B-00C04F79EFBC}") = "02_04", "02_04\02_04\02_04.csproj", "{5A7F5885-AC15-440D-9A2D-7986BE4A5DF4}"
EndProject
Project("{FAE04EC0-301F-11D3-BF4B-00C04F79EFBC}") = "02_05", "02_05\02_05\02_05.csproj", "{B35AD365-026B-42BC-AE5E-F5D6EB4674A8}"
EndProject
Project("{FAE04EC0-301F-11D3-BF4B-00C04F79EFBC}") = "02_06", "02_06\02_06\02_06.csproj", "{FF5EF970-8C4E-45B2-AD7E-5CFD66C478BE}"
EndProject
Project("{FAE04EC0-301F-11D3-BF4B-00C04F79EFBC}") = "02_07", "02_07\02_07\02_07.csproj", "{6AC984D4-E656-481B-95D3-C352A0E05D17}"
EndProject
Project("{FAE04EC0-301F-11D3-BF4B-00C04F79EFBC}") = "02_08", "02_08\02_08\02_08.csproj", "{941B0CFC-8AF6-445B-BF94-EDC7FA3C6FF2}"
EndProject
Project("{2150E333-8FDC-42A3-9474-1A3956D46DE8}") = "task_03", "task_03", "{51ADEB00-8AFA-4DC9-A35A-D113363D141F}"
EndProject
Project("{FAE04EC0-301F-11D3-BF4B-00C04F79EFBC}") = "03_01", "03_01\03_01\03_01.csproj", "{BDD21BBC-3593-4EF5-91A6-573A93B91850}"
EndProject
Project("{FAE04EC0-301F-11D3-BF4B-00C04F79EFBC}") = "03_02", "03_02\03_02\03_02.csproj", "{A49F9415-A8A9-417C-B4A7-55B5BC1B0990}"
EndProject
Project("{FAE04EC0-301F-11D3-BF4B-00C04F79EFBC}") = "03_03", "03_03\03_03\03_03.csproj", "{72D23930-C4CF-40E4-94AE-EDD987649E8A}"
EndProject
Project("{2150E333-8FDC-42A3-9474-1A3956D46DE8}") = "task_04", "task_04", "{F8D2D5A7-7322-4F5B-9D00-CDFE85221A70}"
EndProject
Project("{FAE04EC0-301F-11D3-BF4B-00C04F79EFBC}") = "04_01", "04_01\04_01\04_01.csproj", "{ABEB2FC5-2D83-4E17-B7D6-3C505626C196}"
EndProject
Project("{FAE04EC0-301F-11D3-BF4B-00C04F79EFBC}") = "04_02", "04_02\04_02\04_02.csproj", "{A286F13B-6464-4EDE-B2ED-40D1DDA99A86}"
EndProject
Project("{FAE04EC0-301F-11D3-BF4B-00C04F79EFBC}") = "04_03", "04_03\04_03\04_03.csproj", "{8E86731A-F098-4456-8B04-F4B63A954FA8}"
EndProject
Project("{2150E333-8FDC-42A3-9474-1A3956D46DE8}") = "task_05", "task_05", "{8D208D4F-59FC-4763-89DC-197D91342FC3}"
EndProject
Project("{FAE04EC0-301F-11D3-BF4B-00C04F79EFBC}") = "05_01", "05_01\05_01\05_01.csproj", "{DC9DAC37-FB69-4ED7-8514-1986C16AC2DD}"
EndProject
Project("{2150E333-8FDC-42A3-9474-1A3956D46DE8}") = "task_07", "task_07", "{671E42FA-3EFF-46EF-9360-02AB96B672DF}"
EndProject
Project("{FAE04EC0-301F-11D3-BF4B-00C04F79EFBC}") = "07_01", "07_01\07_01\07_01.csproj", "{5B77147B-CAC8-4B20-B09F-D66D01DB7C31}"
EndProject
Global
	GlobalSection(SolutionConfigurationPlatforms) = preSolution
		Debug|Any CPU = Debug|Any CPU
		Release|Any CPU = Release|Any CPU
	EndGlobalSection
	GlobalSection(ProjectConfigurationPlatforms) = postSolution
		{67E2713B-FD6D-406F-8A61-A02DE70E442E}.Debug|Any CPU.ActiveCfg = Debug|Any CPU
		{67E2713B-FD6D-406F-8A61-A02DE70E442E}.Debug|Any CPU.Build.0 = Debug|Any CPU
		{67E2713B-FD6D-406F-8A61-A02DE70E442E}.Release|Any CPU.ActiveCfg = Release|Any CPU
		{67E2713B-FD6D-406F-8A61-A02DE70E442E}.Release|Any CPU.Build.0 = Release|Any CPU
		{9510932A-B72B-4393-9633-2C763131C2DC}.Debug|Any CPU.ActiveCfg = Debug|Any CPU
		{9510932A-B72B-4393-9633-2C763131C2DC}.Debug|Any CPU.Build.0 = Debug|Any CPU
		{9510932A-B72B-4393-9633-2C763131C2DC}.Release|Any CPU.ActiveCfg = Release|Any CPU
		{9510932A-B72B-4393-9633-2C763131C2DC}.Release|Any CPU.Build.0 = Release|Any CPU
		{05B1C03C-451D-4F94-AA6F-82FB8E0A3A38}.Debug|Any CPU.ActiveCfg = Debug|Any CPU
		{05B1C03C-451D-4F94-AA6F-82FB8E0A3A38}.Debug|Any CPU.Build.0 = Debug|Any CPU
		{05B1C03C-451D-4F94-AA6F-82FB8E0A3A38}.Release|Any CPU.ActiveCfg = Release|Any CPU
		{05B1C03C-451D-4F94-AA6F-82FB8E0A3A38}.Release|Any CPU.Build.0 = Release|Any CPU
		{65C4C55B-4996-40D6-A865-0D68F14BD718}.Debug|Any CPU.ActiveCfg = Debug|Any CPU
		{65C4C55B-4996-40D6-A865-0D68F14BD718}.Debug|Any CPU.Build.0 = Debug|Any CPU
		{65C4C55B-4996-40D6-A865-0D68F14BD718}.Release|Any CPU.ActiveCfg = Release|Any CPU
		{65C4C55B-4996-40D6-A865-0D68F14BD718}.Release|Any CPU.Build.0 = Release|Any CPU
		{5B540F38-98D6-4EF2-8452-3D6A40469218}.Debug|Any CPU.ActiveCfg = Debug|Any CPU
		{5B540F38-98D6-4EF2-8452-3D6A40469218}.Debug|Any CPU.Build.0 = Debug|Any CPU
		{5B540F38-98D6-4EF2-8452-3D6A40469218}.Release|Any CPU.ActiveCfg = Release|Any CPU
		{5B540F38-98D6-4EF2-8452-3D6A40469218}.Release|Any CPU.Build.0 = Release|Any CPU
		{4B635F94-DAD2-443B-9F3E-5B394E6DCB74}.Debug|Any CPU.ActiveCfg = Debug|Any CPU
		{4B635F94-DAD2-443B-9F3E-5B394E6DCB74}.Debug|Any CPU.Build.0 = Debug|Any CPU
		{4B635F94-DAD2-443B-9F3E-5B394E6DCB74}.Release|Any CPU.ActiveCfg = Release|Any CPU
		{4B635F94-DAD2-443B-9F3E-5B394E6DCB74}.Release|Any CPU.Build.0 = Release|Any CPU
		{8D0D8E0D-B105-44C7-96CD-811DB2CF7E02}.Debug|Any CPU.ActiveCfg = Debug|Any CPU
		{8D0D8E0D-B105-44C7-96CD-811DB2CF7E02}.Debug|Any CPU.Build.0 = Debug|Any CPU
		{8D0D8E0D-B105-44C7-96CD-811DB2CF7E02}.Release|Any CPU.ActiveCfg = Release|Any CPU
		{8D0D8E0D-B105-44C7-96CD-811DB2CF7E02}.Release|Any CPU.Build.0 = Release|Any CPU
		{3900BF26-AF49-4555-9B31-4B5CF0E5C934}.Debug|Any CPU.ActiveCfg = Debug|Any CPU
		{3900BF26-AF49-4555-9B31-4B5CF0E5C934}.Debug|Any CPU.Build.0 = Debug|Any CPU
		{3900BF26-AF49-4555-9B31-4B5CF0E5C934}.Release|Any CPU.ActiveCfg = Release|Any CPU
		{3900BF26-AF49-4555-9B31-4B5CF0E5C934}.Release|Any CPU.Build.0 = Release|Any CPU
		{255D74BD-F191-41D8-AD8B-10E312A9A9C9}.Debug|Any CPU.ActiveCfg = Debug|Any CPU
		{255D74BD-F191-41D8-AD8B-10E312A9A9C9}.Debug|Any CPU.Build.0 = Debug|Any CPU
		{255D74BD-F191-41D8-AD8B-10E312A9A9C9}.Release|Any CPU.ActiveCfg = Release|Any CPU
		{255D74BD-F191-41D8-AD8B-10E312A9A9C9}.Release|Any CPU.Build.0 = Release|Any CPU
		{59695277-C26C-4E7D-A128-7E913188EFB6}.Debug|Any CPU.ActiveCfg = Debug|Any CPU
		{59695277-C26C-4E7D-A128-7E913188EFB6}.Debug|Any CPU.Build.0 = Debug|Any CPU
		{59695277-C26C-4E7D-A128-7E913188EFB6}.Release|Any CPU.ActiveCfg = Release|Any CPU
		{59695277-C26C-4E7D-A128-7E913188EFB6}.Release|Any CPU.Build.0 = Release|Any CPU
		{5F44ED4F-0899-4D2F-A251-003195900AC5}.Debug|Any CPU.ActiveCfg = Debug|Any CPU
		{5F44ED4F-0899-4D2F-A251-003195900AC5}.Debug|Any CPU.Build.0 = Debug|Any CPU
		{5F44ED4F-0899-4D2F-A251-003195900AC5}.Release|Any CPU.ActiveCfg = Release|Any CPU
		{5F44ED4F-0899-4D2F-A251-003195900AC5}.Release|Any CPU.Build.0 = Release|Any CPU
		{542B68DE-0CD3-4A57-A504-B5437FBB1E01}.Debug|Any CPU.ActiveCfg = Debug|Any CPU
		{542B68DE-0CD3-4A57-A504-B5437FBB1E01}.Debug|Any CPU.Build.0 = Debug|Any CPU
		{542B68DE-0CD3-4A57-A504-B5437FBB1E01}.Release|Any CPU.ActiveCfg = Release|Any CPU
		{542B68DE-0CD3-4A57-A504-B5437FBB1E01}.Release|Any CPU.Build.0 = Release|Any CPU
		{7C50B8E5-906D-46C4-A1C9-9EC0639BE8E6}.Debug|Any CPU.ActiveCfg = Debug|Any CPU
		{7C50B8E5-906D-46C4-A1C9-9EC0639BE8E6}.Debug|Any CPU.Build.0 = Debug|Any CPU
		{7C50B8E5-906D-46C4-A1C9-9EC0639BE8E6}.Release|Any CPU.ActiveCfg = Release|Any CPU
		{7C50B8E5-906D-46C4-A1C9-9EC0639BE8E6}.Release|Any CPU.Build.0 = Release|Any CPU
		{120F5404-95BE-4E6F-A896-668B0AB92E58}.Debug|Any CPU.ActiveCfg = Debug|Any CPU
		{120F5404-95BE-4E6F-A896-668B0AB92E58}.Debug|Any CPU.Build.0 = Debug|Any CPU
		{120F5404-95BE-4E6F-A896-668B0AB92E58}.Release|Any CPU.ActiveCfg = Release|Any CPU
		{120F5404-95BE-4E6F-A896-668B0AB92E58}.Release|Any CPU.Build.0 = Release|Any CPU
		{B4E19C74-0D7A-4143-A54F-AE1CD7293F1F}.Debug|Any CPU.ActiveCfg = Debug|Any CPU
		{B4E19C74-0D7A-4143-A54F-AE1CD7293F1F}.Debug|Any CPU.Build.0 = Debug|Any CPU
		{B4E19C74-0D7A-4143-A54F-AE1CD7293F1F}.Release|Any CPU.ActiveCfg = Release|Any CPU
		{B4E19C74-0D7A-4143-A54F-AE1CD7293F1F}.Release|Any CPU.Build.0 = Release|Any CPU
		{3A09D4F3-5E7F-4AC3-A374-A988374981F1}.Debug|Any CPU.ActiveCfg = Debug|Any CPU
		{3A09D4F3-5E7F-4AC3-A374-A988374981F1}.Debug|Any CPU.Build.0 = Debug|Any CPU
		{3A09D4F3-5E7F-4AC3-A374-A988374981F1}.Release|Any CPU.ActiveCfg = Release|Any CPU
		{3A09D4F3-5E7F-4AC3-A374-A988374981F1}.Release|Any CPU.Build.0 = Release|Any CPU
		{CE9961A2-489F-417C-98FF-FCFA4E32F5A9}.Debug|Any CPU.ActiveCfg = Debug|Any CPU
		{CE9961A2-489F-417C-98FF-FCFA4E32F5A9}.Debug|Any CPU.Build.0 = Debug|Any CPU
		{CE9961A2-489F-417C-98FF-FCFA4E32F5A9}.Release|Any CPU.ActiveCfg = Release|Any CPU
		{CE9961A2-489F-417C-98FF-FCFA4E32F5A9}.Release|Any CPU.Build.0 = Release|Any CPU
		{05FF7054-1DE0-4856-921E-43B466B0D47D}.Debug|Any CPU.ActiveCfg = Debug|Any CPU
		{05FF7054-1DE0-4856-921E-43B466B0D47D}.Debug|Any CPU.Build.0 = Debug|Any CPU
		{05FF7054-1DE0-4856-921E-43B466B0D47D}.Release|Any CPU.ActiveCfg = Release|Any CPU
		{05FF7054-1DE0-4856-921E-43B466B0D47D}.Release|Any CPU.Build.0 = Release|Any CPU
		{9A307FD6-DBE7-4974-9059-315F01E09F31}.Debug|Any CPU.ActiveCfg = Debug|Any CPU
		{9A307FD6-DBE7-4974-9059-315F01E09F31}.Debug|Any CPU.Build.0 = Debug|Any CPU
		{9A307FD6-DBE7-4974-9059-315F01E09F31}.Release|Any CPU.ActiveCfg = Release|Any CPU
		{9A307FD6-DBE7-4974-9059-315F01E09F31}.Release|Any CPU.Build.0 = Release|Any CPU
		{5A7F5885-AC15-440D-9A2D-7986BE4A5DF4}.Debug|Any CPU.ActiveCfg = Debug|Any CPU
		{5A7F5885-AC15-440D-9A2D-7986BE4A5DF4}.Debug|Any CPU.Build.0 = Debug|Any CPU
		{5A7F5885-AC15-440D-9A2D-7986BE4A5DF4}.Release|Any CPU.ActiveCfg = Release|Any CPU
		{5A7F5885-AC15-440D-9A2D-7986BE4A5DF4}.Release|Any CPU.Build.0 = Release|Any CPU
		{B35AD365-026B-42BC-AE5E-F5D6EB4674A8}.Debug|Any CPU.ActiveCfg = Debug|Any CPU
		{B35AD365-026B-42BC-AE5E-F5D6EB4674A8}.Debug|Any CPU.Build.0 = Debug|Any CPU
		{B35AD365-026B-42BC-AE5E-F5D6EB4674A8}.Release|Any CPU.ActiveCfg = Release|Any CPU
		{B35AD365-026B-42BC-AE5E-F5D6EB4674A8}.Release|Any CPU.Build.0 = Release|Any CPU
		{FF5EF970-8C4E-45B2-AD7E-5CFD66C478BE}.Debug|Any CPU.ActiveCfg = Debug|Any CPU
		{FF5EF970-8C4E-45B2-AD7E-5CFD66C478BE}.Debug|Any CPU.Build.0 = Debug|Any CPU
		{FF5EF970-8C4E-45B2-AD7E-5CFD66C478BE}.Release|Any CPU.ActiveCfg = Release|Any CPU
		{FF5EF970-8C4E-45B2-AD7E-5CFD66C478BE}.Release|Any CPU.Build.0 = Release|Any CPU
		{6AC984D4-E656-481B-95D3-C352A0E05D17}.Debug|Any CPU.ActiveCfg = Debug|Any CPU
		{6AC984D4-E656-481B-95D3-C352A0E05D17}.Debug|Any CPU.Build.0 = Debug|Any CPU
		{6AC984D4-E656-481B-95D3-C352A0E05D17}.Release|Any CPU.ActiveCfg = Release|Any CPU
		{6AC984D4-E656-481B-95D3-C352A0E05D17}.Release|Any CPU.Build.0 = Release|Any CPU
		{941B0CFC-8AF6-445B-BF94-EDC7FA3C6FF2}.Debug|Any CPU.ActiveCfg = Debug|Any CPU
		{941B0CFC-8AF6-445B-BF94-EDC7FA3C6FF2}.Debug|Any CPU.Build.0 = Debug|Any CPU
		{941B0CFC-8AF6-445B-BF94-EDC7FA3C6FF2}.Release|Any CPU.ActiveCfg = Release|Any CPU
		{941B0CFC-8AF6-445B-BF94-EDC7FA3C6FF2}.Release|Any CPU.Build.0 = Release|Any CPU
		{BDD21BBC-3593-4EF5-91A6-573A93B91850}.Debug|Any CPU.ActiveCfg = Debug|Any CPU
		{BDD21BBC-3593-4EF5-91A6-573A93B91850}.Debug|Any CPU.Build.0 = Debug|Any CPU
		{BDD21BBC-3593-4EF5-91A6-573A93B91850}.Release|Any CPU.ActiveCfg = Release|Any CPU
		{BDD21BBC-3593-4EF5-91A6-573A93B91850}.Release|Any CPU.Build.0 = Release|Any CPU
		{A49F9415-A8A9-417C-B4A7-55B5BC1B0990}.Debug|Any CPU.ActiveCfg = Debug|Any CPU
		{A49F9415-A8A9-417C-B4A7-55B5BC1B0990}.Debug|Any CPU.Build.0 = Debug|Any CPU
		{A49F9415-A8A9-417C-B4A7-55B5BC1B0990}.Release|Any CPU.ActiveCfg = Release|Any CPU
		{A49F9415-A8A9-417C-B4A7-55B5BC1B0990}.Release|Any CPU.Build.0 = Release|Any CPU
		{72D23930-C4CF-40E4-94AE-EDD987649E8A}.Debug|Any CPU.ActiveCfg = Debug|Any CPU
		{72D23930-C4CF-40E4-94AE-EDD987649E8A}.Debug|Any CPU.Build.0 = Debug|Any CPU
		{72D23930-C4CF-40E4-94AE-EDD987649E8A}.Release|Any CPU.ActiveCfg = Release|Any CPU
		{72D23930-C4CF-40E4-94AE-EDD987649E8A}.Release|Any CPU.Build.0 = Release|Any CPU
		{ABEB2FC5-2D83-4E17-B7D6-3C505626C196}.Debug|Any CPU.ActiveCfg = Debug|Any CPU
		{ABEB2FC5-2D83-4E17-B7D6-3C505626C196}.Debug|Any CPU.Build.0 = Debug|Any CPU
		{ABEB2FC5-2D83-4E17-B7D6-3C505626C196}.Release|Any CPU.ActiveCfg = Release|Any CPU
		{ABEB2FC5-2D83-4E17-B7D6-3C505626C196}.Release|Any CPU.Build.0 = Release|Any CPU
		{A286F13B-6464-4EDE-B2ED-40D1DDA99A86}.Debug|Any CPU.ActiveCfg = Debug|Any CPU
		{A286F13B-6464-4EDE-B2ED-40D1DDA99A86}.Debug|Any CPU.Build.0 = Debug|Any CPU
		{A286F13B-6464-4EDE-B2ED-40D1DDA99A86}.Release|Any CPU.ActiveCfg = Release|Any CPU
		{A286F13B-6464-4EDE-B2ED-40D1DDA99A86}.Release|Any CPU.Build.0 = Release|Any CPU
		{8E86731A-F098-4456-8B04-F4B63A954FA8}.Debug|Any CPU.ActiveCfg = Debug|Any CPU
		{8E86731A-F098-4456-8B04-F4B63A954FA8}.Debug|Any CPU.Build.0 = Debug|Any CPU
		{8E86731A-F098-4456-8B04-F4B63A954FA8}.Release|Any CPU.ActiveCfg = Release|Any CPU
		{8E86731A-F098-4456-8B04-F4B63A954FA8}.Release|Any CPU.Build.0 = Release|Any CPU
		{DC9DAC37-FB69-4ED7-8514-1986C16AC2DD}.Debug|Any CPU.ActiveCfg = Debug|Any CPU
		{DC9DAC37-FB69-4ED7-8514-1986C16AC2DD}.Debug|Any CPU.Build.0 = Debug|Any CPU
		{DC9DAC37-FB69-4ED7-8514-1986C16AC2DD}.Release|Any CPU.ActiveCfg = Release|Any CPU
		{DC9DAC37-FB69-4ED7-8514-1986C16AC2DD}.Release|Any CPU.Build.0 = Release|Any CPU
		{5B77147B-CAC8-4B20-B09F-D66D01DB7C31}.Debug|Any CPU.ActiveCfg = Debug|Any CPU
		{5B77147B-CAC8-4B20-B09F-D66D01DB7C31}.Debug|Any CPU.Build.0 = Debug|Any CPU
		{5B77147B-CAC8-4B20-B09F-D66D01DB7C31}.Release|Any CPU.ActiveCfg = Release|Any CPU
		{5B77147B-CAC8-4B20-B09F-D66D01DB7C31}.Release|Any CPU.Build.0 = Release|Any CPU
	EndGlobalSection
	GlobalSection(SolutionProperties) = preSolution
		HideSolutionNode = FALSE
	EndGlobalSection
	GlobalSection(NestedProjects) = preSolution
		{67E2713B-FD6D-406F-8A61-A02DE70E442E} = {B93EC8DE-2191-4BCC-BC7F-DAF9CBD381A5}
		{9510932A-B72B-4393-9633-2C763131C2DC} = {B93EC8DE-2191-4BCC-BC7F-DAF9CBD381A5}
		{05B1C03C-451D-4F94-AA6F-82FB8E0A3A38} = {B93EC8DE-2191-4BCC-BC7F-DAF9CBD381A5}
		{65C4C55B-4996-40D6-A865-0D68F14BD718} = {B93EC8DE-2191-4BCC-BC7F-DAF9CBD381A5}
		{5B540F38-98D6-4EF2-8452-3D6A40469218} = {B9D694C9-6878-403E-8015-D3891059E856}
		{4B635F94-DAD2-443B-9F3E-5B394E6DCB74} = {B9D694C9-6878-403E-8015-D3891059E856}
		{8D0D8E0D-B105-44C7-96CD-811DB2CF7E02} = {B9D694C9-6878-403E-8015-D3891059E856}
		{3900BF26-AF49-4555-9B31-4B5CF0E5C934} = {B9D694C9-6878-403E-8015-D3891059E856}
		{255D74BD-F191-41D8-AD8B-10E312A9A9C9} = {B9D694C9-6878-403E-8015-D3891059E856}
		{59695277-C26C-4E7D-A128-7E913188EFB6} = {B9D694C9-6878-403E-8015-D3891059E856}
		{5F44ED4F-0899-4D2F-A251-003195900AC5} = {B9D694C9-6878-403E-8015-D3891059E856}
		{542B68DE-0CD3-4A57-A504-B5437FBB1E01} = {B9D694C9-6878-403E-8015-D3891059E856}
		{7C50B8E5-906D-46C4-A1C9-9EC0639BE8E6} = {B9D694C9-6878-403E-8015-D3891059E856}
		{120F5404-95BE-4E6F-A896-668B0AB92E58} = {B9D694C9-6878-403E-8015-D3891059E856}
		{B4E19C74-0D7A-4143-A54F-AE1CD7293F1F} = {B9D694C9-6878-403E-8015-D3891059E856}
		{3A09D4F3-5E7F-4AC3-A374-A988374981F1} = {B9D694C9-6878-403E-8015-D3891059E856}
		{CE9961A2-489F-417C-98FF-FCFA4E32F5A9} = {11BCB3D3-A8F9-4152-ABBD-70F4FE736542}
		{05FF7054-1DE0-4856-921E-43B466B0D47D} = {11BCB3D3-A8F9-4152-ABBD-70F4FE736542}
		{9A307FD6-DBE7-4974-9059-315F01E09F31} = {11BCB3D3-A8F9-4152-ABBD-70F4FE736542}
		{5A7F5885-AC15-440D-9A2D-7986BE4A5DF4} = {11BCB3D3-A8F9-4152-ABBD-70F4FE736542}
		{B35AD365-026B-42BC-AE5E-F5D6EB4674A8} = {11BCB3D3-A8F9-4152-ABBD-70F4FE736542}
		{FF5EF970-8C4E-45B2-AD7E-5CFD66C478BE} = {11BCB3D3-A8F9-4152-ABBD-70F4FE736542}
		{6AC984D4-E656-481B-95D3-C352A0E05D17} = {11BCB3D3-A8F9-4152-ABBD-70F4FE736542}
		{941B0CFC-8AF6-445B-BF94-EDC7FA3C6FF2} = {11BCB3D3-A8F9-4152-ABBD-70F4FE736542}
		{BDD21BBC-3593-4EF5-91A6-573A93B91850} = {51ADEB00-8AFA-4DC9-A35A-D113363D141F}
		{A49F9415-A8A9-417C-B4A7-55B5BC1B0990} = {51ADEB00-8AFA-4DC9-A35A-D113363D141F}
		{72D23930-C4CF-40E4-94AE-EDD987649E8A} = {51ADEB00-8AFA-4DC9-A35A-D113363D141F}
		{ABEB2FC5-2D83-4E17-B7D6-3C505626C196} = {F8D2D5A7-7322-4F5B-9D00-CDFE85221A70}
		{A286F13B-6464-4EDE-B2ED-40D1DDA99A86} = {F8D2D5A7-7322-4F5B-9D00-CDFE85221A70}
		{8E86731A-F098-4456-8B04-F4B63A954FA8} = {F8D2D5A7-7322-4F5B-9D00-CDFE85221A70}
		{DC9DAC37-FB69-4ED7-8514-1986C16AC2DD} = {8D208D4F-59FC-4763-89DC-197D91342FC3}
		{5B77147B-CAC8-4B20-B09F-D66D01DB7C31} = {671E42FA-3EFF-46EF-9360-02AB96B672DF}
	EndGlobalSection
	GlobalSection(ExtensibilityGlobals) = postSolution
		SolutionGuid = {5E0E1544-C065-4A0C-A4D2-62258A6D1766}
	EndGlobalSection
EndGlobal
