
Microsoft Visual Studio Solution File, Format Version 12.00
# Visual Studio Version 16
VisualStudioVersion = 16.0.29519.181
MinimumVisualStudioVersion = 10.0.40219.1
Project("{FAE04EC0-301F-11D3-BF4B-00C04F79EFBC}") = "Epam.06_01.BLL", "Epam.06_01.BLL\Epam.06_01.BLL.csproj", "{5749488B-8CB0-473E-A408-633501DA90A6}"
EndProject
Project("{FAE04EC0-301F-11D3-BF4B-00C04F79EFBC}") = "Epam.06_01.DAL", "Epam.06_01.DAL\Epam.06_01.DAL.csproj", "{08FD1B31-4DD4-4BF3-B748-28E305F27CEA}"
EndProject
Project("{FAE04EC0-301F-11D3-BF4B-00C04F79EFBC}") = "Epam.06_01.ConsolePL", "Epam.06_01.ConsolePL\Epam.06_01.ConsolePL.csproj", "{C5FAA661-5D0D-4101-880D-8986BF19AEE5}"
EndProject
Project("{FAE04EC0-301F-11D3-BF4B-00C04F79EFBC}") = "Epam.06_01.Entities", "Epam.06_01.Entities\Epam.06_01.Entities.csproj", "{D24130B4-2C6C-4719-B888-938F50AD016D}"
EndProject
Project("{FAE04EC0-301F-11D3-BF4B-00C04F79EFBC}") = "Epam.06_01.BLL.Interfaces", "Epam.06_01.BLL.Interfaces\Epam.06_01.BLL.Interfaces.csproj", "{EFEB9E5C-5661-4F54-952D-052CDE987EFC}"
EndProject
Project("{FAE04EC0-301F-11D3-BF4B-00C04F79EFBC}") = "Epam.06_01.DAO.Interfaces", "Epam.06_01.DAO.Interfaces\Epam.06_01.DAO.Interfaces.csproj", "{DEE459A3-AEDE-4ABB-A3F5-FA5C4A647B4B}"
EndProject
Project("{2150E333-8FDC-42A3-9474-1A3956D46DE8}") = "PL", "PL", "{DC9E1D49-A2F1-4DC6-8BF5-2DA5D708CCFE}"
EndProject
Project("{2150E333-8FDC-42A3-9474-1A3956D46DE8}") = "BLL", "BLL", "{8ED80AB9-1BF5-4AE9-9727-4A02501ACAC8}"
EndProject
Project("{2150E333-8FDC-42A3-9474-1A3956D46DE8}") = "DAL", "DAL", "{F45DB3BC-DB92-4F67-B7C2-DD6E8D68C378}"
EndProject
Project("{2150E333-8FDC-42A3-9474-1A3956D46DE8}") = "Common", "Common", "{6380F623-72B6-4A02-8EDF-F793AEEEE6D5}"
EndProject
Project("{FAE04EC0-301F-11D3-BF4B-00C04F79EFBC}") = "Epam.06_01.IOC", "Epam.06_01.IOC\Epam.06_01.IOC.csproj", "{DE164CC5-CCF2-43EB-B762-0EDAC4D7AF0E}"
EndProject
Project("{FAE04EC0-301F-11D3-BF4B-00C04F79EFBC}") = "Epam.06_01.Handlers", "Epam.06_01.Handlers\Epam.06_01.Handlers.csproj", "{885672EE-AF87-4653-8B94-30908E121A7E}"
EndProject
Project("{FAE04EC0-301F-11D3-BF4B-00C04F79EFBC}") = "Epam.06_01.WebPL", "Epam.06_01.WebPL\Epam.06_01.WebPL.csproj", "{265C6594-B5DE-4ED4-BA8A-E9EC20BA50BD}"
EndProject
Global
	GlobalSection(SolutionConfigurationPlatforms) = preSolution
		Debug|Any CPU = Debug|Any CPU
		Release|Any CPU = Release|Any CPU
	EndGlobalSection
	GlobalSection(ProjectConfigurationPlatforms) = postSolution
		{5749488B-8CB0-473E-A408-633501DA90A6}.Debug|Any CPU.ActiveCfg = Debug|Any CPU
		{5749488B-8CB0-473E-A408-633501DA90A6}.Debug|Any CPU.Build.0 = Debug|Any CPU
		{5749488B-8CB0-473E-A408-633501DA90A6}.Release|Any CPU.ActiveCfg = Release|Any CPU
		{5749488B-8CB0-473E-A408-633501DA90A6}.Release|Any CPU.Build.0 = Release|Any CPU
		{08FD1B31-4DD4-4BF3-B748-28E305F27CEA}.Debug|Any CPU.ActiveCfg = Debug|Any CPU
		{08FD1B31-4DD4-4BF3-B748-28E305F27CEA}.Debug|Any CPU.Build.0 = Debug|Any CPU
		{08FD1B31-4DD4-4BF3-B748-28E305F27CEA}.Release|Any CPU.ActiveCfg = Release|Any CPU
		{08FD1B31-4DD4-4BF3-B748-28E305F27CEA}.Release|Any CPU.Build.0 = Release|Any CPU
		{C5FAA661-5D0D-4101-880D-8986BF19AEE5}.Debug|Any CPU.ActiveCfg = Debug|Any CPU
		{C5FAA661-5D0D-4101-880D-8986BF19AEE5}.Debug|Any CPU.Build.0 = Debug|Any CPU
		{C5FAA661-5D0D-4101-880D-8986BF19AEE5}.Release|Any CPU.ActiveCfg = Release|Any CPU
		{C5FAA661-5D0D-4101-880D-8986BF19AEE5}.Release|Any CPU.Build.0 = Release|Any CPU
		{D24130B4-2C6C-4719-B888-938F50AD016D}.Debug|Any CPU.ActiveCfg = Debug|Any CPU
		{D24130B4-2C6C-4719-B888-938F50AD016D}.Debug|Any CPU.Build.0 = Debug|Any CPU
		{D24130B4-2C6C-4719-B888-938F50AD016D}.Release|Any CPU.ActiveCfg = Release|Any CPU
		{D24130B4-2C6C-4719-B888-938F50AD016D}.Release|Any CPU.Build.0 = Release|Any CPU
		{EFEB9E5C-5661-4F54-952D-052CDE987EFC}.Debug|Any CPU.ActiveCfg = Debug|Any CPU
		{EFEB9E5C-5661-4F54-952D-052CDE987EFC}.Debug|Any CPU.Build.0 = Debug|Any CPU
		{EFEB9E5C-5661-4F54-952D-052CDE987EFC}.Release|Any CPU.ActiveCfg = Release|Any CPU
		{EFEB9E5C-5661-4F54-952D-052CDE987EFC}.Release|Any CPU.Build.0 = Release|Any CPU
		{DEE459A3-AEDE-4ABB-A3F5-FA5C4A647B4B}.Debug|Any CPU.ActiveCfg = Debug|Any CPU
		{DEE459A3-AEDE-4ABB-A3F5-FA5C4A647B4B}.Debug|Any CPU.Build.0 = Debug|Any CPU
		{DEE459A3-AEDE-4ABB-A3F5-FA5C4A647B4B}.Release|Any CPU.ActiveCfg = Release|Any CPU
		{DEE459A3-AEDE-4ABB-A3F5-FA5C4A647B4B}.Release|Any CPU.Build.0 = Release|Any CPU
		{DE164CC5-CCF2-43EB-B762-0EDAC4D7AF0E}.Debug|Any CPU.ActiveCfg = Debug|Any CPU
		{DE164CC5-CCF2-43EB-B762-0EDAC4D7AF0E}.Debug|Any CPU.Build.0 = Debug|Any CPU
		{DE164CC5-CCF2-43EB-B762-0EDAC4D7AF0E}.Release|Any CPU.ActiveCfg = Release|Any CPU
		{DE164CC5-CCF2-43EB-B762-0EDAC4D7AF0E}.Release|Any CPU.Build.0 = Release|Any CPU
		{885672EE-AF87-4653-8B94-30908E121A7E}.Debug|Any CPU.ActiveCfg = Debug|Any CPU
		{885672EE-AF87-4653-8B94-30908E121A7E}.Debug|Any CPU.Build.0 = Debug|Any CPU
		{885672EE-AF87-4653-8B94-30908E121A7E}.Release|Any CPU.ActiveCfg = Release|Any CPU
		{885672EE-AF87-4653-8B94-30908E121A7E}.Release|Any CPU.Build.0 = Release|Any CPU
		{265C6594-B5DE-4ED4-BA8A-E9EC20BA50BD}.Debug|Any CPU.ActiveCfg = Debug|Any CPU
		{265C6594-B5DE-4ED4-BA8A-E9EC20BA50BD}.Debug|Any CPU.Build.0 = Debug|Any CPU
		{265C6594-B5DE-4ED4-BA8A-E9EC20BA50BD}.Release|Any CPU.ActiveCfg = Release|Any CPU
		{265C6594-B5DE-4ED4-BA8A-E9EC20BA50BD}.Release|Any CPU.Build.0 = Release|Any CPU
	EndGlobalSection
	GlobalSection(SolutionProperties) = preSolution
		HideSolutionNode = FALSE
	EndGlobalSection
	GlobalSection(NestedProjects) = preSolution
		{5749488B-8CB0-473E-A408-633501DA90A6} = {8ED80AB9-1BF5-4AE9-9727-4A02501ACAC8}
		{08FD1B31-4DD4-4BF3-B748-28E305F27CEA} = {F45DB3BC-DB92-4F67-B7C2-DD6E8D68C378}
		{C5FAA661-5D0D-4101-880D-8986BF19AEE5} = {DC9E1D49-A2F1-4DC6-8BF5-2DA5D708CCFE}
		{D24130B4-2C6C-4719-B888-938F50AD016D} = {6380F623-72B6-4A02-8EDF-F793AEEEE6D5}
		{EFEB9E5C-5661-4F54-952D-052CDE987EFC} = {8ED80AB9-1BF5-4AE9-9727-4A02501ACAC8}
		{DEE459A3-AEDE-4ABB-A3F5-FA5C4A647B4B} = {F45DB3BC-DB92-4F67-B7C2-DD6E8D68C378}
		{DE164CC5-CCF2-43EB-B762-0EDAC4D7AF0E} = {6380F623-72B6-4A02-8EDF-F793AEEEE6D5}
		{885672EE-AF87-4653-8B94-30908E121A7E} = {6380F623-72B6-4A02-8EDF-F793AEEEE6D5}
		{265C6594-B5DE-4ED4-BA8A-E9EC20BA50BD} = {DC9E1D49-A2F1-4DC6-8BF5-2DA5D708CCFE}
	EndGlobalSection
	GlobalSection(ExtensibilityGlobals) = postSolution
		SolutionGuid = {BE06A840-B918-4AB8-9D52-C0A76F9CDD17}
	EndGlobalSection
EndGlobal
